
Microsoft Visual Studio Solution File, Format Version 12.00
# Visual Studio Version 17
VisualStudioVersion = 17.1.32407.343
MinimumVisualStudioVersion = 10.0.40219.1
Project("{FAE04EC0-301F-11D3-BF4B-00C04F79EFBC}") = "School", "School\School.csproj", "{3C8F6830-2476-403E-8724-56E8E4C9A6CB}"
EndProject
Global
	GlobalSection(SolutionConfigurationPlatforms) = preSolution
		Debug|Any CPU = Debug|Any CPU
		Release|Any CPU = Release|Any CPU
	EndGlobalSection
	GlobalSection(ProjectConfigurationPlatforms) = postSolution
		{3C8F6830-2476-403E-8724-56E8E4C9A6CB}.Debug|Any CPU.ActiveCfg = Debug|Any CPU
		{3C8F6830-2476-403E-8724-56E8E4C9A6CB}.Debug|Any CPU.Build.0 = Debug|Any CPU
		{3C8F6830-2476-403E-8724-56E8E4C9A6CB}.Release|Any CPU.ActiveCfg = Release|Any CPU
		{3C8F6830-2476-403E-8724-56E8E4C9A6CB}.Release|Any CPU.Build.0 = Release|Any CPU
	EndGlobalSection
	GlobalSection(SolutionProperties) = preSolution
		HideSolutionNode = FALSE
	EndGlobalSection
	GlobalSection(ExtensibilityGlobals) = postSolution
		SolutionGuid = {297E24EA-1BF7-4E46-BFB5-64D539261BC0}
	EndGlobalSection
EndGlobal
